
Microsoft Visual Studio Solution File, Format Version 12.00
# Visual Studio 15
VisualStudioVersion = 15.0.28010.2050
MinimumVisualStudioVersion = 10.0.40219.1
Project("{FAE04EC0-301F-11D3-BF4B-00C04F79EFBC}") = "Wpf_lesson1.1", "Wpf_lesson1.1\Wpf_lesson1.1.csproj", "{9C55AE47-B34E-4A95-B8FF-DC6E80E96DD6}"
EndProject
Project("{FAE04EC0-301F-11D3-BF4B-00C04F79EFBC}") = "Wpf_lesson1.2", "Wpf_lesson1.2\Wpf_lesson1.2.csproj", "{2FFAEC9D-7A53-4C29-90E6-7669FC761CC5}"
EndProject
Project("{FAE04EC0-301F-11D3-BF4B-00C04F79EFBC}") = "Wpf_lesson1.3", "Wpf_lesson1.3\Wpf_lesson1.3.csproj", "{2519FA81-E651-4B0A-8551-7681944E5F97}"
EndProject
Global
	GlobalSection(SolutionConfigurationPlatforms) = preSolution
		Debug|Any CPU = Debug|Any CPU
		Release|Any CPU = Release|Any CPU
	EndGlobalSection
	GlobalSection(ProjectConfigurationPlatforms) = postSolution
		{9C55AE47-B34E-4A95-B8FF-DC6E80E96DD6}.Debug|Any CPU.ActiveCfg = Debug|Any CPU
		{9C55AE47-B34E-4A95-B8FF-DC6E80E96DD6}.Debug|Any CPU.Build.0 = Debug|Any CPU
		{9C55AE47-B34E-4A95-B8FF-DC6E80E96DD6}.Release|Any CPU.ActiveCfg = Release|Any CPU
		{9C55AE47-B34E-4A95-B8FF-DC6E80E96DD6}.Release|Any CPU.Build.0 = Release|Any CPU
		{2FFAEC9D-7A53-4C29-90E6-7669FC761CC5}.Debug|Any CPU.ActiveCfg = Debug|Any CPU
		{2FFAEC9D-7A53-4C29-90E6-7669FC761CC5}.Debug|Any CPU.Build.0 = Debug|Any CPU
		{2FFAEC9D-7A53-4C29-90E6-7669FC761CC5}.Release|Any CPU.ActiveCfg = Release|Any CPU
		{2FFAEC9D-7A53-4C29-90E6-7669FC761CC5}.Release|Any CPU.Build.0 = Release|Any CPU
		{2519FA81-E651-4B0A-8551-7681944E5F97}.Debug|Any CPU.ActiveCfg = Debug|Any CPU
		{2519FA81-E651-4B0A-8551-7681944E5F97}.Debug|Any CPU.Build.0 = Debug|Any CPU
		{2519FA81-E651-4B0A-8551-7681944E5F97}.Release|Any CPU.ActiveCfg = Release|Any CPU
		{2519FA81-E651-4B0A-8551-7681944E5F97}.Release|Any CPU.Build.0 = Release|Any CPU
	EndGlobalSection
	GlobalSection(SolutionProperties) = preSolution
		HideSolutionNode = FALSE
	EndGlobalSection
	GlobalSection(ExtensibilityGlobals) = postSolution
		SolutionGuid = {AF70F522-F67A-4952-BEB3-BCD3B41AE6E9}
	EndGlobalSection
EndGlobal
